// !$*UTF8*$!
{
	archiveVersion = 1;
	classes = {
	};
	objectVersion = 46;
	objects = {

/* Begin PBXBuildFile section */
		C47CCF611C472991001ED483 /* main.m in Sources */ = {isa = PBXBuildFile; fileRef = C47CCF601C472991001ED483 /* main.m */; };
		C47CCF781C472A55001ED483 /* XSEmployee.m in Sources */ = {isa = PBXBuildFile; fileRef = C47CCF771C472A55001ED483 /* XSEmployee.m */; };
/* End PBXBuildFile section */

/* Begin PBXFileReference section */
		C47CCF5C1C472991001ED483 /* CanwayDemo.app */ = {isa = PBXFileReference; explicitFileType = wrapper.application; includeInIndex = 0; path = CanwayDemo.app; sourceTree = BUILT_PRODUCTS_DIR; };
		C47CCF601C472991001ED483 /* main.m */ = {isa = PBXFileReference; lastKnownFileType = sourcecode.c.objc; path = main.m; sourceTree = "<group>"; };
		C47CCF701C472991001ED483 /* Info.plist */ = {isa = PBXFileReference; lastKnownFileType = text.plist.xml; path = Info.plist; sourceTree = "<group>"; };
		C47CCF761C472A55001ED483 /* XSEmployee.h */ = {isa = PBXFileReference; fileEncoding = 4; lastKnownFileType = sourcecode.c.h; path = XSEmployee.h; sourceTree = "<group>"; };
		C47CCF771C472A55001ED483 /* XSEmployee.m */ = {isa = PBXFileReference; fileEncoding = 4; lastKnownFileType = sourcecode.c.objc; path = XSEmployee.m; sourceTree = "<group>"; };
/* End PBXFileReference section */

/* Begin PBXFrameworksBuildPhase section */
		C47CCF591C472991001ED483 /* Frameworks */ = {
			isa = PBXFrameworksBuildPhase;
			buildActionMask = 2147483647;
			files = (
			);
			runOnlyForDeploymentPostprocessing = 0;
		};
/* End PBXFrameworksBuildPhase section */

/* Begin PBXGroup section */
		C47CCF531C472991001ED483 = {
			isa = PBXGroup;
			children = (
				C47CCF5E1C472991001ED483 /* CanwayDemo */,
				C47CCF5D1C472991001ED483 /* Products */,
			);
			sourceTree = "<group>";
		};
		C47CCF5D1C472991001ED483 /* Products */ = {
			isa = PBXGroup;
			children = (
				C47CCF5C1C472991001ED483 /* CanwayDemo.app */,
			);
			name = Products;
			sourceTree = "<group>";
		};
		C47CCF5E1C472991001ED483 /* CanwayDemo */ = {
			isa = PBXGroup;
			children = (
				C47CCF701C472991001ED483 /* Info.plist */,
				C47CCF5F1C472991001ED483 /* Supporting Files */,
				C47CCF761C472A55001ED483 /* XSEmployee.h */,
				C47CCF771C472A55001ED483 /* XSEmployee.m */,
			);
			path = CanwayDemo;
			sourceTree = "<group>";
		};
		C47CCF5F1C472991001ED483 /* Supporting Files */ = {
			isa = PBXGroup;
			children = (
				C47CCF601C472991001ED483 /* main.m */,
			);
			name = "Supporting Files";
			sourceTree = "<group>";
		};
/* End PBXGroup section */

/* Begin PBXNativeTarget section */
		C47CCF5B1C472991001ED483 /* CanwayDemo */ = {
			isa = PBXNativeTarget;
			buildConfigurationList = C47CCF731C472991001ED483 /* Build configuration list for PBXNativeTarget "CanwayDemo" */;
			buildPhases = (
				C47CCF581C472991001ED483 /* Sources */,
				C47CCF591C472991001ED483 /* Frameworks */,
				C47CCF5A1C472991001ED483 /* Resources */,
			);
			buildRules = (
			);
			dependencies = (
			);
			name = CanwayDemo;
			productName = CanwayDemo;
			productReference = C47CCF5C1C472991001ED483 /* CanwayDemo.app */;
			productType = "com.apple.product-type.application";
		};
/* End PBXNativeTarget section */

/* Begin PBXProject section */
		C47CCF541C472991001ED483 /* Project object */ = {
			isa = PBXProject;
			attributes = {
				LastUpgradeCheck = 0710;
				ORGANIZATIONNAME = "深圳嘉为 www.canway.net";
				TargetAttributes = {
					C47CCF5B1C472991001ED483 = {
						CreatedOnToolsVersion = 7.1;
					};
				};
			};
			buildConfigurationList = C47CCF571C472991001ED483 /* Build configuration list for PBXProject "CanwayDemo" */;
			compatibilityVersion = "Xcode 3.2";
			developmentRegion = English;
			hasScannedForEncodings = 0;
			knownRegions = (
				en,
				Base,
			);
			mainGroup = C47CCF531C472991001ED483;
			productRefGroup = C47CCF5D1C472991001ED483 /* Products */;
			projectDirPath = "";
			projectRoot = "";
			targets = (
				C47CCF5B1C472991001ED483 /* CanwayDemo */,
			);
		};
/* End PBXProject section */

/* Begin PBXResourcesBuildPhase section */
		C47CCF5A1C472991001ED483 /* Resources */ = {
			isa = PBXResourcesBuildPhase;
			buildActionMask = 2147483647;
			files = (
			);
			runOnlyForDeploymentPostprocessing = 0;
		};
/* End PBXResourcesBuildPhase section */

/* Begin PBXSourcesBuildPhase section */
		C47CCF581C472991001ED483 /* Sources */ = {
			isa = PBXSourcesBuildPhase;
			buildActionMask = 2147483647;
			files = (
				C47CCF781C472A55001ED483 /* XSEmployee.m in Sources */,
				C47CCF611C472991001ED483 /* main.m in Sources */,
			);
			runOnlyForDeploymentPostprocessing = 0;
		};
/* End PBXSourcesBuildPhase section */

/* Begin XCBuildConfiguration section */
		C47CCF711C472991001ED483 /* Debug */ = {
			isa = XCBuildConfiguration;
			buildSettings = {
				ALWAYS_SEARCH_USER_PATHS = NO;
				CLANG_CXX_LANGUAGE_STANDARD = "gnu++0x";
				CLANG_CXX_LIBRARY = "libc++";
				CLANG_ENABLE_MODULES = YES;
				CLANG_ENABLE_OBJC_ARC = YES;
				CLANG_WARN_BOOL_CONVERSION = YES;
				CLANG_WARN_CONSTANT_CONVERSION = YES;
				CLANG_WARN_DIRECT_OBJC_ISA_USAGE = YES_ERROR;
				CLANG_WARN_EMPTY_BODY = YES;
				CLANG_WARN_ENUM_CONVERSION = YES;
				CLANG_WARN_INT_CONVERSION = YES;
				CLANG_WARN_OBJC_ROOT_CLASS = YES_ERROR;
				CLANG_WARN_UNREACHABLE_CODE = YES;
				CLANG_WARN__DUPLICATE_METHOD_MATCH = YES;
				"CODE_SIGN_IDENTITY[sdk=iphoneos*]" = "iPhone Developer";
				COPY_PHASE_STRIP = NO;
				DEBUG_INFORMATION_FORMAT = dwarf;
				ENABLE_STRICT_OBJC_MSGSEND = YES;
				ENABLE_TESTABILITY = YES;
				GCC_C_LANGUAGE_STANDARD = gnu99;
				GCC_DYNAMIC_NO_PIC = NO;
				GCC_NO_COMMON_BLOCKS = YES;
				GCC_OPTIMIZATION_LEVEL = 0;
				GCC_PREPROCESSOR_DEFINITIONS = (
					"DEBUG=1",
					"$(inherited)",
				);
				GCC_WARN_64_TO_32_BIT_CONVERSION = YES;
				GCC_WARN_ABOUT_RETURN_TYPE = YES_ERROR;
				GCC_WARN_UNDECLARED_SELECTOR = YES;
				GCC_WARN_UNINITIALIZED_AUTOS = YES_AGGRESSIVE;
				GCC_WARN_UNUSED_FUNCTION = YES;
				GCC_WARN_UNUSED_VARIABLE = YES;
				IPHONEOS_DEPLOYMENT_TARGET = 9.1;
				MTL_ENABLE_DEBUG_INFO = YES;
				ONLY_ACTIVE_ARCH = YES;
				SDKROOT = iphoneos;
			};
			name = Debug;
		};
		C47CCF721C472991001ED483 /* Release */ = {
			isa = XCBuildConfiguration;
			buildSettings = {
				ALWAYS_SEARCH_USER_PATHS = NO;
				CLANG_CXX_LANGUAGE_STANDARD = "gnu++0x";
				CLANG_CXX_LIBRARY = "libc++";
				CLANG_ENABLE_MODULES = YES;
				CLANG_ENABLE_OBJC_ARC = YES;
				CLANG_WARN_BOOL_CONVERSION = YES;
				CLANG_WARN_CONSTANT_CONVERSION = YES;
				CLANG_WARN_DIRECT_OBJC_ISA_USAGE = YES_ERROR;
				CLANG_WARN_EMPTY_BODY = YES;
				CLANG_WARN_ENUM_CONVERSION = YES;
				CLANG_WARN_INT_CONVERSION = YES;
				CLANG_WARN_OBJC_ROOT_CLASS = YES_ERROR;
				CLANG_WARN_UNREACHABLE_CODE = YES;
				CLANG_WARN__DUPLICATE_METHOD_MATCH = YES;
				"CODE_SIGN_IDENTITY[sdk=iphoneos*]" = "iPhone Developer";
				COPY_PHASE_STRIP = NO;
				DEBUG_INFORMATION_FORMAT = "dwarf-with-dsym";
				ENABLE_NS_ASSERTIONS = NO;
				ENABLE_STRICT_OBJC_MSGSEND = YES;
				GCC_C_LANGUAGE_STANDARD = gnu99;
				GCC_NO_COMMON_BLOCKS = YES;
				GCC_WARN_64_TO_32_BIT_CONVERSION = YES;
				GCC_WARN_ABOUT_RETURN_TYPE = YES_ERROR;
				GCC_WARN_UNDECLARED_SELECTOR = YES;
				GCC_WARN_UNINITIALIZED_AUTOS = YES_AGGRESSIVE;
				GCC_WARN_UNUSED_FUNCTION = YES;
				GCC_WARN_UNUSED_VARIABLE = YES;
				IPHONEOS_DEPLOYMENT_TARGET = 9.1;
				MTL_ENABLE_DEBUG_INFO = NO;
				SDKROOT = iphoneos;
				VALIDATE_PRODUCT = YES;
			};
			name = Release;
		};
		C47CCF741C472991001ED483 /* Debug */ = {
			isa = XCBuildConfiguration;
			buildSettings = {
				ASSETCATALOG_COMPILER_APPICON_NAME = AppIcon;
				CLANG_ENABLE_OBJC_ARC = NO;
				INFOPLIST_FILE = CanwayDemo/Info.plist;
				LD_RUNPATH_SEARCH_PATHS = "$(inherited) @executable_path/Frameworks";
				PRODUCT_BUNDLE_IDENTIFIER = com.canway.CanwayDemo;
				PRODUCT_NAME = "$(TARGET_NAME)";
			};
			name = Debug;
		};
		C47CCF751C472991001ED483 /* Release */ = {
			isa = XCBuildConfiguration;
			buildSettings = {
				ASSETCATALOG_COMPILER_APPICON_NAME = AppIcon;
				CLANG_ENABLE_OBJC_ARC = NO;
				INFOPLIST_FILE = CanwayDemo/Info.plist;
				LD_RUNPATH_SEARCH_PATHS = "$(inherited) @executable_path/Frameworks";
				PRODUCT_BUNDLE_IDENTIFIER = com.canway.CanwayDemo;
				PRODUCT_NAME = "$(TARGET_NAME)";
			};
			name = Release;
		};
/* End XCBuildConfiguration section */

/* Begin XCConfigurationList section */
		C47CCF571C472991001ED483 /* Build configuration list for PBXProject "CanwayDemo" */ = {
			isa = XCConfigurationList;
			buildConfigurations = (
				C47CCF711C472991001ED483 /* Debug */,
				C47CCF721C472991001ED483 /* Release */,
			);
			defaultConfigurationIsVisible = 0;
			defaultConfigurationName = Release;
		};
		C47CCF731C472991001ED483 /* Build configuration list for PBXNativeTarget "CanwayDemo" */ = {
			isa = XCConfigurationList;
			buildConfigurations = (
				C47CCF741C472991001ED483 /* Debug */,
				C47CCF751C472991001ED483 /* Release */,
			);
			defaultConfigurationIsVisible = 0;
			defaultConfigurationName = Release;
		};
/* End XCConfigurationList section */
	};
	rootObject = C47CCF541C472991001ED483 /* Project object */;
}
